{
	"name": "@mo-demo/cli-shared-utils",
	"version": "0.0.8",
	"lockfileVersion": 1,
	"requires": true,
	"dependencies": {
		"chalk": {
			"version": "5.0.1",
			"resolved": "http://172.16.17.8:8088/repository/npm-group/chalk/-/chalk-5.0.1.tgz",
			"integrity": "sha512-Fo07WOYGqMfCWHOzSXOt2CxDbC6skS/jO9ynEcmpANMoPrD+W1r1K6Vx7iNm+AQmETU1Xr2t+n8nzkV9t6xh3w=="
		},
		"lru-cache": {
			"version": "7.8.0",
			"resolved": "http://172.16.17.8:8088/repository/npm-group/lru-cache/-/lru-cache-7.8.0.tgz",
			"integrity": "sha512-AmXqneQZL3KZMIgBpaPTeI6pfwh+xQ2vutMsyqOu1TBdEXFZgpG/80wuJ531w2ZN7TI0/oc8CPxzh/DKQudZqg=="
		},
		"semver": {
			"version": "7.3.6",
			"resolved": "http://172.16.17.8:8088/repository/npm-group/semver/-/semver-7.3.6.tgz",
			"integrity": "sha512-HZWqcgwLsjaX1HBD31msI/rXktuIhS+lWvdE4kN9z+8IVT4Itc7vqU2WvYsyD6/sjYCt4dEKH/m1M3dwI9CC5w==",
			"requires": {
				"lru-cache": "^7.4.0"
			}
		}
	}
}
